
Microsoft Visual Studio Solution File, Format Version 12.00
# Visual Studio Version 17
VisualStudioVersion = 17.5.002.0
MinimumVisualStudioVersion = 10.0.40219.1
Project("{9A19103F-16F7-4668-BE54-9A1E7A4F7556}") = "AgroTienda", "AgroTienda.csproj", "{453ED55D-AB0F-415F-BCCE-67718A3BD48A}"
EndProject
Global
	GlobalSection(SolutionConfigurationPlatforms) = preSolution
		Debug|Any CPU = Debug|Any CPU
		Release|Any CPU = Release|Any CPU
	EndGlobalSection
	GlobalSection(ProjectConfigurationPlatforms) = postSolution
		{453ED55D-AB0F-415F-BCCE-67718A3BD48A}.Debug|Any CPU.ActiveCfg = Debug|Any CPU
		{453ED55D-AB0F-415F-BCCE-67718A3BD48A}.Debug|Any CPU.Build.0 = Debug|Any CPU
		{453ED55D-AB0F-415F-BCCE-67718A3BD48A}.Release|Any CPU.ActiveCfg = Release|Any CPU
		{453ED55D-AB0F-415F-BCCE-67718A3BD48A}.Release|Any CPU.Build.0 = Release|Any CPU
	EndGlobalSection
	GlobalSection(SolutionProperties) = preSolution
		HideSolutionNode = FALSE
	EndGlobalSection
	GlobalSection(ExtensibilityGlobals) = postSolution
		SolutionGuid = {A09F9A1B-67B8-4629-A79B-DF18EC9DE230}
	EndGlobalSection
EndGlobal
